
Microsoft Visual Studio Solution File, Format Version 12.00
# Visual Studio Version 17
VisualStudioVersion = 17.8.34316.72
MinimumVisualStudioVersion = 10.0.40219.1
Project("{FAE04EC0-301F-11D3-BF4B-00C04F79EFBC}") = "lab3", "lab3\lab3.csproj", "{FDD10F57-1B65-4D78-9F6D-BFE3F4B03AA2}"
EndProject
Global
	GlobalSection(SolutionConfigurationPlatforms) = preSolution
		Debug|Any CPU = Debug|Any CPU
		Release|Any CPU = Release|Any CPU
	EndGlobalSection
	GlobalSection(ProjectConfigurationPlatforms) = postSolution
		{FDD10F57-1B65-4D78-9F6D-BFE3F4B03AA2}.Debug|Any CPU.ActiveCfg = Debug|Any CPU
		{FDD10F57-1B65-4D78-9F6D-BFE3F4B03AA2}.Debug|Any CPU.Build.0 = Debug|Any CPU
		{FDD10F57-1B65-4D78-9F6D-BFE3F4B03AA2}.Release|Any CPU.ActiveCfg = Release|Any CPU
		{FDD10F57-1B65-4D78-9F6D-BFE3F4B03AA2}.Release|Any CPU.Build.0 = Release|Any CPU
	EndGlobalSection
	GlobalSection(SolutionProperties) = preSolution
		HideSolutionNode = FALSE
	EndGlobalSection
	GlobalSection(ExtensibilityGlobals) = postSolution
		SolutionGuid = {55ED9FCE-5FC1-4396-A941-C120A33C8882}
	EndGlobalSection
EndGlobal
